
Microsoft Visual Studio Solution File, Format Version 12.00
# Visual Studio Version 17
VisualStudioVersion = 17.1.32421.90
MinimumVisualStudioVersion = 10.0.40219.1
Project("{8BC9CEB8-8B4A-11D0-8D11-00A0C91BC942}") = "cyuyan", "cyuyan.vcxproj", "{81602545-794B-4323-86AF-7AD896CC776C}"
EndProject
Global
	GlobalSection(SolutionConfigurationPlatforms) = preSolution
		Debug|x64 = Debug|x64
		Debug|x86 = Debug|x86
		Release|x64 = Release|x64
		Release|x86 = Release|x86
	EndGlobalSection
	GlobalSection(ProjectConfigurationPlatforms) = postSolution
		{81602545-794B-4323-86AF-7AD896CC776C}.Debug|x64.ActiveCfg = Debug|x64
		{81602545-794B-4323-86AF-7AD896CC776C}.Debug|x64.Build.0 = Debug|x64
		{81602545-794B-4323-86AF-7AD896CC776C}.Debug|x86.ActiveCfg = Debug|Win32
		{81602545-794B-4323-86AF-7AD896CC776C}.Debug|x86.Build.0 = Debug|Win32
		{81602545-794B-4323-86AF-7AD896CC776C}.Release|x64.ActiveCfg = Release|x64
		{81602545-794B-4323-86AF-7AD896CC776C}.Release|x64.Build.0 = Release|x64
		{81602545-794B-4323-86AF-7AD896CC776C}.Release|x86.ActiveCfg = Release|Win32
		{81602545-794B-4323-86AF-7AD896CC776C}.Release|x86.Build.0 = Release|Win32
	EndGlobalSection
	GlobalSection(SolutionProperties) = preSolution
		HideSolutionNode = FALSE
	EndGlobalSection
	GlobalSection(ExtensibilityGlobals) = postSolution
		SolutionGuid = {C7688363-06E6-433F-93F8-ADF647074017}
	EndGlobalSection
EndGlobal
